github.com/google/go-cmp v0.6.0 h1:ofyhxvXcZhMsU5ulbFiLKl/XBFqE1GSq7atu8tAmTRI=
github.com/google/go-cmp v0.6.0/go.mod h1:17dUlkBOakJ0+DkrSSNjCkIjxS6bF9zb3elmeNGIjoY=
github.com/teleivo/assertive v0.0.0-20240807044559-4d52e9d98f38 h1:I8ujiAG8NLACuOHMUNlYbFTEa+Xex60+xmvBNWYIbvU=
github.com/teleivo/assertive v0.0.0-20240807044559-4d52e9d98f38/go.mod h1:y8DkSNXQ0sByZ/u5hfZKQHCJXh3T09JmJ/N4xYXe194=
